
Microsoft Visual Studio Solution File, Format Version 12.00
# Visual Studio Version 16
VisualStudioVersion = 16.0.31112.23
MinimumVisualStudioVersion = 10.0.40219.1
Project("{FAE04EC0-301F-11D3-BF4B-00C04F79EFBC}") = "Bulls and Cows", "Bulls and Cows\Bulls and Cows.csproj", "{3526EDE1-E46F-491F-9CEC-FBD9B8C72990}"
EndProject
Global
	GlobalSection(SolutionConfigurationPlatforms) = preSolution
		Debug|Any CPU = Debug|Any CPU
		Release|Any CPU = Release|Any CPU
	EndGlobalSection
	GlobalSection(ProjectConfigurationPlatforms) = postSolution
		{3526EDE1-E46F-491F-9CEC-FBD9B8C72990}.Debug|Any CPU.ActiveCfg = Debug|Any CPU
		{3526EDE1-E46F-491F-9CEC-FBD9B8C72990}.Debug|Any CPU.Build.0 = Debug|Any CPU
		{3526EDE1-E46F-491F-9CEC-FBD9B8C72990}.Release|Any CPU.ActiveCfg = Release|Any CPU
		{3526EDE1-E46F-491F-9CEC-FBD9B8C72990}.Release|Any CPU.Build.0 = Release|Any CPU
	EndGlobalSection
	GlobalSection(SolutionProperties) = preSolution
		HideSolutionNode = FALSE
	EndGlobalSection
	GlobalSection(ExtensibilityGlobals) = postSolution
		SolutionGuid = {1EAF4CBA-3D42-4EFC-BC1A-D9C6F3D231F4}
	EndGlobalSection
EndGlobal
