
Microsoft Visual Studio Solution File, Format Version 12.00
# Visual Studio Version 16
VisualStudioVersion = 16.0.31112.23
MinimumVisualStudioVersion = 10.0.40219.1
Project("{9A19103F-16F7-4668-BE54-9A1E7A4F7556}") = "ASP.NET Core MVS Practise", "ASP.NET Core MVS Practise\ASP.NET Core MVS Practise.csproj", "{AFE65EC9-DE0E-4DD4-A4C7-69848E6964FE}"
EndProject
Global
	GlobalSection(SolutionConfigurationPlatforms) = preSolution
		Debug|Any CPU = Debug|Any CPU
		Release|Any CPU = Release|Any CPU
	EndGlobalSection
	GlobalSection(ProjectConfigurationPlatforms) = postSolution
		{AFE65EC9-DE0E-4DD4-A4C7-69848E6964FE}.Debug|Any CPU.ActiveCfg = Debug|Any CPU
		{AFE65EC9-DE0E-4DD4-A4C7-69848E6964FE}.Debug|Any CPU.Build.0 = Debug|Any CPU
		{AFE65EC9-DE0E-4DD4-A4C7-69848E6964FE}.Release|Any CPU.ActiveCfg = Release|Any CPU
		{AFE65EC9-DE0E-4DD4-A4C7-69848E6964FE}.Release|Any CPU.Build.0 = Release|Any CPU
	EndGlobalSection
	GlobalSection(SolutionProperties) = preSolution
		HideSolutionNode = FALSE
	EndGlobalSection
	GlobalSection(ExtensibilityGlobals) = postSolution
		SolutionGuid = {D5F3C8F0-116E-4408-BD83-D792DB2F2F0B}
	EndGlobalSection
EndGlobal
